// !$*UTF8*$!
{
	archiveVersion = 1;
	classes = {
	};
	objectVersion = 46;
	objects = {

/* Begin PBXBuildFile section */
		272412A21DFFE20F00837AA1 /* main.m in Sources */ = {isa = PBXBuildFile; fileRef = 272412A11DFFE20F00837AA1 /* main.m */; };
		272412A51DFFE20F00837AA1 /* AppDelegate.m in Sources */ = {isa = PBXBuildFile; fileRef = 272412A41DFFE20F00837AA1 /* AppDelegate.m */; };
		272412A81DFFE20F00837AA1 /* ViewController.m in Sources */ = {isa = PBXBuildFile; fileRef = 272412A71DFFE20F00837AA1 /* ViewController.m */; };
		272412AB1DFFE20F00837AA1 /* Main.storyboard in Resources */ = {isa = PBXBuildFile; fileRef = 272412A91DFFE20F00837AA1 /* Main.storyboard */; };
		272412AD1DFFE20F00837AA1 /* Assets.xcassets in Resources */ = {isa = PBXBuildFile; fileRef = 272412AC1DFFE20F00837AA1 /* Assets.xcassets */; };
		272412B01DFFE20F00837AA1 /* LaunchScreen.storyboard in Resources */ = {isa = PBXBuildFile; fileRef = 272412AE1DFFE20F00837AA1 /* LaunchScreen.storyboard */; };
		272412B91DFFE22900837AA1 /* WSTimerManager.m in Sources */ = {isa = PBXBuildFile; fileRef = 272412B81DFFE22900837AA1 /* WSTimerManager.m */; };
/* End PBXBuildFile section */

/* Begin PBXFileReference section */
		2724129D1DFFE20F00837AA1 /* WSTimerManager.app */ = {isa = PBXFileReference; explicitFileType = wrapper.application; includeInIndex = 0; path = WSTimerManager.app; sourceTree = BUILT_PRODUCTS_DIR; };
		272412A11DFFE20F00837AA1 /* main.m */ = {isa = PBXFileReference; lastKnownFileType = sourcecode.c.objc; path = main.m; sourceTree = "<group>"; };
		272412A31DFFE20F00837AA1 /* AppDelegate.h */ = {isa = PBXFileReference; lastKnownFileType = sourcecode.c.h; path = AppDelegate.h; sourceTree = "<group>"; };
		272412A41DFFE20F00837AA1 /* AppDelegate.m */ = {isa = PBXFileReference; lastKnownFileType = sourcecode.c.objc; path = AppDelegate.m; sourceTree = "<group>"; };
		272412A61DFFE20F00837AA1 /* ViewController.h */ = {isa = PBXFileReference; lastKnownFileType = sourcecode.c.h; path = ViewController.h; sourceTree = "<group>"; };
		272412A71DFFE20F00837AA1 /* ViewController.m */ = {isa = PBXFileReference; lastKnownFileType = sourcecode.c.objc; path = ViewController.m; sourceTree = "<group>"; };
		272412AA1DFFE20F00837AA1 /* Base */ = {isa = PBXFileReference; lastKnownFileType = file.storyboard; name = Base; path = Base.lproj/Main.storyboard; sourceTree = "<group>"; };
		272412AC1DFFE20F00837AA1 /* Assets.xcassets */ = {isa = PBXFileReference; lastKnownFileType = folder.assetcatalog; path = Assets.xcassets; sourceTree = "<group>"; };
		272412AF1DFFE20F00837AA1 /* Base */ = {isa = PBXFileReference; lastKnownFileType = file.storyboard; name = Base; path = Base.lproj/LaunchScreen.storyboard; sourceTree = "<group>"; };
		272412B11DFFE20F00837AA1 /* Info.plist */ = {isa = PBXFileReference; lastKnownFileType = text.plist.xml; path = Info.plist; sourceTree = "<group>"; };
		272412B71DFFE22900837AA1 /* WSTimerManager.h */ = {isa = PBXFileReference; fileEncoding = 4; lastKnownFileType = sourcecode.c.h; path = WSTimerManager.h; sourceTree = "<group>"; };
		272412B81DFFE22900837AA1 /* WSTimerManager.m */ = {isa = PBXFileReference; fileEncoding = 4; lastKnownFileType = sourcecode.c.objc; path = WSTimerManager.m; sourceTree = "<group>"; };
/* End PBXFileReference section */

/* Begin PBXFrameworksBuildPhase section */
		2724129A1DFFE20F00837AA1 /* Frameworks */ = {
			isa = PBXFrameworksBuildPhase;
			buildActionMask = 2147483647;
			files = (
			);
			runOnlyForDeploymentPostprocessing = 0;
		};
/* End PBXFrameworksBuildPhase section */

/* Begin PBXGroup section */
		272412941DFFE20F00837AA1 = {
			isa = PBXGroup;
			children = (
				2724129F1DFFE20F00837AA1 /* WSTimerManager */,
				2724129E1DFFE20F00837AA1 /* Products */,
			);
			sourceTree = "<group>";
		};
		2724129E1DFFE20F00837AA1 /* Products */ = {
			isa = PBXGroup;
			children = (
				2724129D1DFFE20F00837AA1 /* WSTimerManager.app */,
			);
			name = Products;
			sourceTree = "<group>";
		};
		2724129F1DFFE20F00837AA1 /* WSTimerManager */ = {
			isa = PBXGroup;
			children = (
				272412BA1DFFE23500837AA1 /* WSTimerManager */,
				272412A31DFFE20F00837AA1 /* AppDelegate.h */,
				272412A41DFFE20F00837AA1 /* AppDelegate.m */,
				272412A61DFFE20F00837AA1 /* ViewController.h */,
				272412A71DFFE20F00837AA1 /* ViewController.m */,
				272412A91DFFE20F00837AA1 /* Main.storyboard */,
				272412AC1DFFE20F00837AA1 /* Assets.xcassets */,
				272412AE1DFFE20F00837AA1 /* LaunchScreen.storyboard */,
				272412B11DFFE20F00837AA1 /* Info.plist */,
				272412A01DFFE20F00837AA1 /* Supporting Files */,
			);
			path = WSTimerManager;
			sourceTree = "<group>";
		};
		272412A01DFFE20F00837AA1 /* Supporting Files */ = {
			isa = PBXGroup;
			children = (
				272412A11DFFE20F00837AA1 /* main.m */,
			);
			name = "Supporting Files";
			sourceTree = "<group>";
		};
		272412BA1DFFE23500837AA1 /* WSTimerManager */ = {
			isa = PBXGroup;
			children = (
				272412B71DFFE22900837AA1 /* WSTimerManager.h */,
				272412B81DFFE22900837AA1 /* WSTimerManager.m */,
			);
			name = WSTimerManager;
			sourceTree = "<group>";
		};
/* End PBXGroup section */

/* Begin PBXNativeTarget section */
		2724129C1DFFE20F00837AA1 /* WSTimerManager */ = {
			isa = PBXNativeTarget;
			buildConfigurationList = 272412B41DFFE20F00837AA1 /* Build configuration list for PBXNativeTarget "WSTimerManager" */;
			buildPhases = (
				272412991DFFE20F00837AA1 /* Sources */,
				2724129A1DFFE20F00837AA1 /* Frameworks */,
				2724129B1DFFE20F00837AA1 /* Resources */,
			);
			buildRules = (
			);
			dependencies = (
			);
			name = WSTimerManager;
			productName = WSTimerManager;
			productReference = 2724129D1DFFE20F00837AA1 /* WSTimerManager.app */;
			productType = "com.apple.product-type.application";
		};
/* End PBXNativeTarget section */

/* Begin PBXProject section */
		272412951DFFE20F00837AA1 /* Project object */ = {
			isa = PBXProject;
			attributes = {
				LastUpgradeCheck = 0810;
				ORGANIZATIONNAME = "余汪送";
				TargetAttributes = {
					2724129C1DFFE20F00837AA1 = {
						CreatedOnToolsVersion = 8.1;
						ProvisioningStyle = Automatic;
					};
				};
			};
			buildConfigurationList = 272412981DFFE20F00837AA1 /* Build configuration list for PBXProject "WSTimerManager" */;
			compatibilityVersion = "Xcode 3.2";
			developmentRegion = English;
			hasScannedForEncodings = 0;
			knownRegions = (
				en,
				Base,
			);
			mainGroup = 272412941DFFE20F00837AA1;
			productRefGroup = 2724129E1DFFE20F00837AA1 /* Products */;
			projectDirPath = "";
			projectRoot = "";
			targets = (
				2724129C1DFFE20F00837AA1 /* WSTimerManager */,
			);
		};
/* End PBXProject section */

/* Begin PBXResourcesBuildPhase section */
		2724129B1DFFE20F00837AA1 /* Resources */ = {
			isa = PBXResourcesBuildPhase;
			buildActionMask = 2147483647;
			files = (
				272412B01DFFE20F00837AA1 /* LaunchScreen.storyboard in Resources */,
				272412AD1DFFE20F00837AA1 /* Assets.xcassets in Resources */,
				272412AB1DFFE20F00837AA1 /* Main.storyboard in Resources */,
			);
			runOnlyForDeploymentPostprocessing = 0;
		};
/* End PBXResourcesBuildPhase section */

/* Begin PBXSourcesBuildPhase section */
		272412991DFFE20F00837AA1 /* Sources */ = {
			isa = PBXSourcesBuildPhase;
			buildActionMask = 2147483647;
			files = (
				272412A81DFFE20F00837AA1 /* ViewController.m in Sources */,
				272412B91DFFE22900837AA1 /* WSTimerManager.m in Sources */,
				272412A51DFFE20F00837AA1 /* AppDelegate.m in Sources */,
				272412A21DFFE20F00837AA1 /* main.m in Sources */,
			);
			runOnlyForDeploymentPostprocessing = 0;
		};
/* End PBXSourcesBuildPhase section */

/* Begin PBXVariantGroup section */
		272412A91DFFE20F00837AA1 /* Main.storyboard */ = {
			isa = PBXVariantGroup;
			children = (
				272412AA1DFFE20F00837AA1 /* Base */,
			);
			name = Main.storyboard;
			sourceTree = "<group>";
		};
		272412AE1DFFE20F00837AA1 /* LaunchScreen.storyboard */ = {
			isa = PBXVariantGroup;
			children = (
				272412AF1DFFE20F00837AA1 /* Base */,
			);
			name = LaunchScreen.storyboard;
			sourceTree = "<group>";
		};
/* End PBXVariantGroup section */

/* Begin XCBuildConfiguration section */
		272412B21DFFE20F00837AA1 /* Debug */ = {
			isa = XCBuildConfiguration;
			buildSettings = {
				ALWAYS_SEARCH_USER_PATHS = NO;
				CLANG_ANALYZER_NONNULL = YES;
				CLANG_CXX_LANGUAGE_STANDARD = "gnu++0x";
				CLANG_CXX_LIBRARY = "libc++";
				CLANG_ENABLE_MODULES = YES;
				CLANG_ENABLE_OBJC_ARC = YES;
				CLANG_WARN_BOOL_CONVERSION = YES;
				CLANG_WARN_CONSTANT_CONVERSION = YES;
				CLANG_WARN_DIRECT_OBJC_ISA_USAGE = YES_ERROR;
				CLANG_WARN_DOCUMENTATION_COMMENTS = YES;
				CLANG_WARN_EMPTY_BODY = YES;
				CLANG_WARN_ENUM_CONVERSION = YES;
				CLANG_WARN_INFINITE_RECURSION = YES;
				CLANG_WARN_INT_CONVERSION = YES;
				CLANG_WARN_OBJC_ROOT_CLASS = YES_ERROR;
				CLANG_WARN_SUSPICIOUS_MOVES = YES;
				CLANG_WARN_UNREACHABLE_CODE = YES;
				CLANG_WARN__DUPLICATE_METHOD_MATCH = YES;
				"CODE_SIGN_IDENTITY[sdk=iphoneos*]" = "iPhone Developer";
				COPY_PHASE_STRIP = NO;
				DEBUG_INFORMATION_FORMAT = dwarf;
				ENABLE_STRICT_OBJC_MSGSEND = YES;
				ENABLE_TESTABILITY = YES;
				GCC_C_LANGUAGE_STANDARD = gnu99;
				GCC_DYNAMIC_NO_PIC = NO;
				GCC_NO_COMMON_BLOCKS = YES;
				GCC_OPTIMIZATION_LEVEL = 0;
				GCC_PREPROCESSOR_DEFINITIONS = (
					"DEBUG=1",
					"$(inherited)",
				);
				GCC_WARN_64_TO_32_BIT_CONVERSION = YES;
				GCC_WARN_ABOUT_RETURN_TYPE = YES_ERROR;
				GCC_WARN_UNDECLARED_SELECTOR = YES;
				GCC_WARN_UNINITIALIZED_AUTOS = YES_AGGRESSIVE;
				GCC_WARN_UNUSED_FUNCTION = YES;
				GCC_WARN_UNUSED_VARIABLE = YES;
				IPHONEOS_DEPLOYMENT_TARGET = 10.1;
				MTL_ENABLE_DEBUG_INFO = YES;
				ONLY_ACTIVE_ARCH = YES;
				SDKROOT = iphoneos;
			};
			name = Debug;
		};
		272412B31DFFE20F00837AA1 /* Release */ = {
			isa = XCBuildConfiguration;
			buildSettings = {
				ALWAYS_SEARCH_USER_PATHS = NO;
				CLANG_ANALYZER_NONNULL = YES;
				CLANG_CXX_LANGUAGE_STANDARD = "gnu++0x";
				CLANG_CXX_LIBRARY = "libc++";
				CLANG_ENABLE_MODULES = YES;
				CLANG_ENABLE_OBJC_ARC = YES;
				CLANG_WARN_BOOL_CONVERSION = YES;
				CLANG_WARN_CONSTANT_CONVERSION = YES;
				CLANG_WARN_DIRECT_OBJC_ISA_USAGE = YES_ERROR;
				CLANG_WARN_DOCUMENTATION_COMMENTS = YES;
				CLANG_WARN_EMPTY_BODY = YES;
				CLANG_WARN_ENUM_CONVERSION = YES;
				CLANG_WARN_INFINITE_RECURSION = YES;
				CLANG_WARN_INT_CONVERSION = YES;
				CLANG_WARN_OBJC_ROOT_CLASS = YES_ERROR;
				CLANG_WARN_SUSPICIOUS_MOVES = YES;
				CLANG_WARN_UNREACHABLE_CODE = YES;
				CLANG_WARN__DUPLICATE_METHOD_MATCH = YES;
				"CODE_SIGN_IDENTITY[sdk=iphoneos*]" = "iPhone Developer";
				COPY_PHASE_STRIP = NO;
				DEBUG_INFORMATION_FORMAT = "dwarf-with-dsym";
				ENABLE_NS_ASSERTIONS = NO;
				ENABLE_STRICT_OBJC_MSGSEND = YES;
				GCC_C_LANGUAGE_STANDARD = gnu99;
				GCC_NO_COMMON_BLOCKS = YES;
				GCC_WARN_64_TO_32_BIT_CONVERSION = YES;
				GCC_WARN_ABOUT_RETURN_TYPE = YES_ERROR;
				GCC_WARN_UNDECLARED_SELECTOR = YES;
				GCC_WARN_UNINITIALIZED_AUTOS = YES_AGGRESSIVE;
				GCC_WARN_UNUSED_FUNCTION = YES;
				GCC_WARN_UNUSED_VARIABLE = YES;
				IPHONEOS_DEPLOYMENT_TARGET = 10.1;
				MTL_ENABLE_DEBUG_INFO = NO;
				SDKROOT = iphoneos;
				VALIDATE_PRODUCT = YES;
			};
			name = Release;
		};
		272412B51DFFE20F00837AA1 /* Debug */ = {
			isa = XCBuildConfiguration;
			buildSettings = {
				ASSETCATALOG_COMPILER_APPICON_NAME = AppIcon;
				INFOPLIST_FILE = WSTimerManager/Info.plist;
				LD_RUNPATH_SEARCH_PATHS = "$(inherited) @executable_path/Frameworks";
				PRODUCT_BUNDLE_IDENTIFIER = cn.capsule.WSTimerManager;
				PRODUCT_NAME = "$(TARGET_NAME)";
			};
			name = Debug;
		};
		272412B61DFFE20F00837AA1 /* Release */ = {
			isa = XCBuildConfiguration;
			buildSettings = {
				ASSETCATALOG_COMPILER_APPICON_NAME = AppIcon;
				INFOPLIST_FILE = WSTimerManager/Info.plist;
				LD_RUNPATH_SEARCH_PATHS = "$(inherited) @executable_path/Frameworks";
				PRODUCT_BUNDLE_IDENTIFIER = cn.capsule.WSTimerManager;
				PRODUCT_NAME = "$(TARGET_NAME)";
			};
			name = Release;
		};
/* End XCBuildConfiguration section */

/* Begin XCConfigurationList section */
		272412981DFFE20F00837AA1 /* Build configuration list for PBXProject "WSTimerManager" */ = {
			isa = XCConfigurationList;
			buildConfigurations = (
				272412B21DFFE20F00837AA1 /* Debug */,
				272412B31DFFE20F00837AA1 /* Release */,
			);
			defaultConfigurationIsVisible = 0;
			defaultConfigurationName = Release;
		};
		272412B41DFFE20F00837AA1 /* Build configuration list for PBXNativeTarget "WSTimerManager" */ = {
			isa = XCConfigurationList;
			buildConfigurations = (
				272412B51DFFE20F00837AA1 /* Debug */,
				272412B61DFFE20F00837AA1 /* Release */,
			);
			defaultConfigurationIsVisible = 0;
		};
/* End XCConfigurationList section */
	};
	rootObject = 272412951DFFE20F00837AA1 /* Project object */;
}
